// !$*UTF8*$!
{
	archiveVersion = 1;
	classes = {
	};
	objectVersion = 77;
	objects = {

/* Begin PBXBuildFile section */
		04981DF72ED4479600C9EC3D /* ContentView.swift in Sources */ = {isa = PBXBuildFile; fileRef = 04981DF42ED4479600C9EC3D /* ContentView.swift */; };
		04981DF82ED4479600C9EC3D /* MovieFlixApp.swift in Sources */ = {isa = PBXBuildFile; fileRef = 04981DF52ED4479600C9EC3D /* MovieFlixApp.swift */; };
		04981DF92ED4479600C9EC3D /* Assets.xcassets in Resources */ = {isa = PBXBuildFile; fileRef = 04981DF32ED4479600C9EC3D /* Assets.xcassets */; };
		04981DFE2ED447C900C9EC3D /* SearchView.swift in Sources */ = {isa = PBXBuildFile; fileRef = 04981DFD2ED447C900C9EC3D /* SearchView.swift */; };
		04981E012ED44ABA00C9EC3D /* NetworkManager.swift in Sources */ = {isa = PBXBuildFile; fileRef = 04981E002ED44ABA00C9EC3D /* NetworkManager.swift */; };
		04981E812ED44CBD00C9EC3D /* SearchViewModel.swift in Sources */ = {isa = PBXBuildFile; fileRef = 04981E802ED44CBD00C9EC3D /* SearchViewModel.swift */; };
		04981E832ED4507600C9EC3D /* MovieModel.swift in Sources */ = {isa = PBXBuildFile; fileRef = 04981E822ED4507600C9EC3D /* MovieModel.swift */; };
		04981E872ED450B500C9EC3D /* AppConstants.swift in Sources */ = {isa = PBXBuildFile; fileRef = 04981E862ED450B500C9EC3D /* AppConstants.swift */; };
		04981E892ED450D400C9EC3D /* ApiConstants.swift in Sources */ = {isa = PBXBuildFile; fileRef = 04981E882ED450D400C9EC3D /* ApiConstants.swift */; };
		04981E8C2ED4513700C9EC3D /* MovieRouter.swift in Sources */ = {isa = PBXBuildFile; fileRef = 04981E8B2ED4513700C9EC3D /* MovieRouter.swift */; };
		04981E8F2ED4553400C9EC3D /* LoadingIndicatorView.swift in Sources */ = {isa = PBXBuildFile; fileRef = 04981E8E2ED4553400C9EC3D /* LoadingIndicatorView.swift */; };
		04981E922ED4607F00C9EC3D /* Kingfisher in Frameworks */ = {isa = PBXBuildFile; productRef = 04981E912ED4607F00C9EC3D /* Kingfisher */; };
		04981E942ED4726500C9EC3D /* EmptySearchView.swift in Sources */ = {isa = PBXBuildFile; fileRef = 04981E932ED4726500C9EC3D /* EmptySearchView.swift */; };
/* End PBXBuildFile section */

/* Begin PBXContainerItemProxy section */
		04F22C742ED40C9600AE62EF /* PBXContainerItemProxy */ = {
			isa = PBXContainerItemProxy;
			containerPortal = 04F22C5E2ED40C9400AE62EF /* Project object */;
			proxyType = 1;
			remoteGlobalIDString = 04F22C652ED40C9400AE62EF;
			remoteInfo = MovieFlix;
		};
		04F22C7E2ED40C9600AE62EF /* PBXContainerItemProxy */ = {
			isa = PBXContainerItemProxy;
			containerPortal = 04F22C5E2ED40C9400AE62EF /* Project object */;
			proxyType = 1;
			remoteGlobalIDString = 04F22C652ED40C9400AE62EF;
			remoteInfo = MovieFlix;
		};
/* End PBXContainerItemProxy section */

/* Begin PBXFileReference section */
		04981DF32ED4479600C9EC3D /* Assets.xcassets */ = {isa = PBXFileReference; lastKnownFileType = folder.assetcatalog; path = Assets.xcassets; sourceTree = "<group>"; };
		04981DF42ED4479600C9EC3D /* ContentView.swift */ = {isa = PBXFileReference; lastKnownFileType = sourcecode.swift; path = ContentView.swift; sourceTree = "<group>"; };
		04981DF52ED4479600C9EC3D /* MovieFlixApp.swift */ = {isa = PBXFileReference; lastKnownFileType = sourcecode.swift; path = MovieFlixApp.swift; sourceTree = "<group>"; };
		04981DFD2ED447C900C9EC3D /* SearchView.swift */ = {isa = PBXFileReference; lastKnownFileType = sourcecode.swift; path = SearchView.swift; sourceTree = "<group>"; };
		04981E002ED44ABA00C9EC3D /* NetworkManager.swift */ = {isa = PBXFileReference; lastKnownFileType = sourcecode.swift; path = NetworkManager.swift; sourceTree = "<group>"; };
		04981E802ED44CBD00C9EC3D /* SearchViewModel.swift */ = {isa = PBXFileReference; lastKnownFileType = sourcecode.swift; path = SearchViewModel.swift; sourceTree = "<group>"; };
		04981E822ED4507600C9EC3D /* MovieModel.swift */ = {isa = PBXFileReference; lastKnownFileType = sourcecode.swift; path = MovieModel.swift; sourceTree = "<group>"; };
		04981E862ED450B500C9EC3D /* AppConstants.swift */ = {isa = PBXFileReference; lastKnownFileType = sourcecode.swift; path = AppConstants.swift; sourceTree = "<group>"; };
		04981E882ED450D400C9EC3D /* ApiConstants.swift */ = {isa = PBXFileReference; lastKnownFileType = sourcecode.swift; path = ApiConstants.swift; sourceTree = "<group>"; };
		04981E8B2ED4513700C9EC3D /* MovieRouter.swift */ = {isa = PBXFileReference; lastKnownFileType = sourcecode.swift; path = MovieRouter.swift; sourceTree = "<group>"; };
		04981E8E2ED4553400C9EC3D /* LoadingIndicatorView.swift */ = {isa = PBXFileReference; lastKnownFileType = sourcecode.swift; path = LoadingIndicatorView.swift; sourceTree = "<group>"; };
		04981E932ED4726500C9EC3D /* EmptySearchView.swift */ = {isa = PBXFileReference; lastKnownFileType = sourcecode.swift; path = EmptySearchView.swift; sourceTree = "<group>"; };
		04F22C662ED40C9400AE62EF /* MovieFlix.app */ = {isa = PBXFileReference; explicitFileType = wrapper.application; includeInIndex = 0; path = MovieFlix.app; sourceTree = BUILT_PRODUCTS_DIR; };
		04F22C732ED40C9600AE62EF /* MovieFlixTests.xctest */ = {isa = PBXFileReference; explicitFileType = wrapper.cfbundle; includeInIndex = 0; path = MovieFlixTests.xctest; sourceTree = BUILT_PRODUCTS_DIR; };
		04F22C7D2ED40C9600AE62EF /* MovieFlixUITests.xctest */ = {isa = PBXFileReference; explicitFileType = wrapper.cfbundle; includeInIndex = 0; path = MovieFlixUITests.xctest; sourceTree = BUILT_PRODUCTS_DIR; };
/* End PBXFileReference section */

/* Begin PBXFileSystemSynchronizedRootGroup section */
		04F22C762ED40C9600AE62EF /* MovieFlixTests */ = {
			isa = PBXFileSystemSynchronizedRootGroup;
			path = MovieFlixTests;
			sourceTree = "<group>";
		};
		04F22C802ED40C9600AE62EF /* MovieFlixUITests */ = {
			isa = PBXFileSystemSynchronizedRootGroup;
			path = MovieFlixUITests;
			sourceTree = "<group>";
		};
/* End PBXFileSystemSynchronizedRootGroup section */

/* Begin PBXFrameworksBuildPhase section */
		04F22C632ED40C9400AE62EF /* Frameworks */ = {
			isa = PBXFrameworksBuildPhase;
			buildActionMask = 2147483647;
			files = (
				04981E922ED4607F00C9EC3D /* Kingfisher in Frameworks */,
			);
			runOnlyForDeploymentPostprocessing = 0;
		};
		04F22C702ED40C9600AE62EF /* Frameworks */ = {
			isa = PBXFrameworksBuildPhase;
			buildActionMask = 2147483647;
			files = (
			);
			runOnlyForDeploymentPostprocessing = 0;
		};
		04F22C7A2ED40C9600AE62EF /* Frameworks */ = {
			isa = PBXFrameworksBuildPhase;
			buildActionMask = 2147483647;
			files = (
			);
			runOnlyForDeploymentPostprocessing = 0;
		};
/* End PBXFrameworksBuildPhase section */

/* Begin PBXGroup section */
		04981DF62ED4479600C9EC3D /* MovieFlix */ = {
			isa = PBXGroup;
			children = (
				04981E842ED4509E00C9EC3D /* Utils */,
				04981DFF2ED44A6800C9EC3D /* Network */,
				04981DFB2ED447AD00C9EC3D /* Screens */,
				04981DFA2ED4479A00C9EC3D /* Resources */,
				04981DF42ED4479600C9EC3D /* ContentView.swift */,
				04981DF52ED4479600C9EC3D /* MovieFlixApp.swift */,
			);
			path = MovieFlix;
			sourceTree = "<group>";
		};
		04981DFA2ED4479A00C9EC3D /* Resources */ = {
			isa = PBXGroup;
			children = (
				04981DF32ED4479600C9EC3D /* Assets.xcassets */,
			);
			path = Resources;
			sourceTree = "<group>";
		};
		04981DFB2ED447AD00C9EC3D /* Screens */ = {
			isa = PBXGroup;
			children = (
				04981DFC2ED447B600C9EC3D /* SearchView */,
			);
			path = Screens;
			sourceTree = "<group>";
		};
		04981DFC2ED447B600C9EC3D /* SearchView */ = {
			isa = PBXGroup;
			children = (
				04981DFD2ED447C900C9EC3D /* SearchView.swift */,
				04981E802ED44CBD00C9EC3D /* SearchViewModel.swift */,
				04981E822ED4507600C9EC3D /* MovieModel.swift */,
				04981E932ED4726500C9EC3D /* EmptySearchView.swift */,
			);
			path = SearchView;
			sourceTree = "<group>";
		};
		04981DFF2ED44A6800C9EC3D /* Network */ = {
			isa = PBXGroup;
			children = (
				04981E882ED450D400C9EC3D /* ApiConstants.swift */,
				04981E002ED44ABA00C9EC3D /* NetworkManager.swift */,
				04981E8A2ED4511E00C9EC3D /* Routers */,
			);
			path = Network;
			sourceTree = "<group>";
		};
		04981E842ED4509E00C9EC3D /* Utils */ = {
			isa = PBXGroup;
			children = (
				04981E8D2ED4552A00C9EC3D /* CustomViews */,
				04981E852ED450A700C9EC3D /* Constants */,
			);
			path = Utils;
			sourceTree = "<group>";
		};
		04981E852ED450A700C9EC3D /* Constants */ = {
			isa = PBXGroup;
			children = (
				04981E862ED450B500C9EC3D /* AppConstants.swift */,
			);
			path = Constants;
			sourceTree = "<group>";
		};
		04981E8A2ED4511E00C9EC3D /* Routers */ = {
			isa = PBXGroup;
			children = (
				04981E8B2ED4513700C9EC3D /* MovieRouter.swift */,
			);
			path = Routers;
			sourceTree = "<group>";
		};
		04981E8D2ED4552A00C9EC3D /* CustomViews */ = {
			isa = PBXGroup;
			children = (
				04981E8E2ED4553400C9EC3D /* LoadingIndicatorView.swift */,
			);
			path = CustomViews;
			sourceTree = "<group>";
		};
		04F22C5D2ED40C9400AE62EF = {
			isa = PBXGroup;
			children = (
				04981DF62ED4479600C9EC3D /* MovieFlix */,
				04F22C762ED40C9600AE62EF /* MovieFlixTests */,
				04F22C802ED40C9600AE62EF /* MovieFlixUITests */,
				04F22C672ED40C9400AE62EF /* Products */,
			);
			sourceTree = "<group>";
		};
		04F22C672ED40C9400AE62EF /* Products */ = {
			isa = PBXGroup;
			children = (
				04F22C662ED40C9400AE62EF /* MovieFlix.app */,
				04F22C732ED40C9600AE62EF /* MovieFlixTests.xctest */,
				04F22C7D2ED40C9600AE62EF /* MovieFlixUITests.xctest */,
			);
			name = Products;
			sourceTree = "<group>";
		};
/* End PBXGroup section */

/* Begin PBXNativeTarget section */
		04F22C652ED40C9400AE62EF /* MovieFlix */ = {
			isa = PBXNativeTarget;
			buildConfigurationList = 04F22C872ED40C9600AE62EF /* Build configuration list for PBXNativeTarget "MovieFlix" */;
			buildPhases = (
				04F22C622ED40C9400AE62EF /* Sources */,
				04F22C632ED40C9400AE62EF /* Frameworks */,
				04F22C642ED40C9400AE62EF /* Resources */,
			);
			buildRules = (
			);
			dependencies = (
			);
			name = MovieFlix;
			packageProductDependencies = (
				04981E912ED4607F00C9EC3D /* Kingfisher */,
			);
			productName = MovieFlix;
			productReference = 04F22C662ED40C9400AE62EF /* MovieFlix.app */;
			productType = "com.apple.product-type.application";
		};
		04F22C722ED40C9600AE62EF /* MovieFlixTests */ = {
			isa = PBXNativeTarget;
			buildConfigurationList = 04F22C8A2ED40C9600AE62EF /* Build configuration list for PBXNativeTarget "MovieFlixTests" */;
			buildPhases = (
				04F22C6F2ED40C9600AE62EF /* Sources */,
				04F22C702ED40C9600AE62EF /* Frameworks */,
				04F22C712ED40C9600AE62EF /* Resources */,
			);
			buildRules = (
			);
			dependencies = (
				04F22C752ED40C9600AE62EF /* PBXTargetDependency */,
			);
			fileSystemSynchronizedGroups = (
				04F22C762ED40C9600AE62EF /* MovieFlixTests */,
			);
			name = MovieFlixTests;
			packageProductDependencies = (
			);
			productName = MovieFlixTests;
			productReference = 04F22C732ED40C9600AE62EF /* MovieFlixTests.xctest */;
			productType = "com.apple.product-type.bundle.unit-test";
		};
		04F22C7C2ED40C9600AE62EF /* MovieFlixUITests */ = {
			isa = PBXNativeTarget;
			buildConfigurationList = 04F22C8D2ED40C9600AE62EF /* Build configuration list for PBXNativeTarget "MovieFlixUITests" */;
			buildPhases = (
				04F22C792ED40C9600AE62EF /* Sources */,
				04F22C7A2ED40C9600AE62EF /* Frameworks */,
				04F22C7B2ED40C9600AE62EF /* Resources */,
			);
			buildRules = (
			);
			dependencies = (
				04F22C7F2ED40C9600AE62EF /* PBXTargetDependency */,
			);
			fileSystemSynchronizedGroups = (
				04F22C802ED40C9600AE62EF /* MovieFlixUITests */,
			);
			name = MovieFlixUITests;
			packageProductDependencies = (
			);
			productName = MovieFlixUITests;
			productReference = 04F22C7D2ED40C9600AE62EF /* MovieFlixUITests.xctest */;
			productType = "com.apple.product-type.bundle.ui-testing";
		};
/* End PBXNativeTarget section */

/* Begin PBXProject section */
		04F22C5E2ED40C9400AE62EF /* Project object */ = {
			isa = PBXProject;
			attributes = {
				BuildIndependentTargetsInParallel = 1;
				LastSwiftUpdateCheck = 2610;
				LastUpgradeCheck = 2610;
				TargetAttributes = {
					04F22C652ED40C9400AE62EF = {
						CreatedOnToolsVersion = 26.1.1;
					};
					04F22C722ED40C9600AE62EF = {
						CreatedOnToolsVersion = 26.1.1;
						TestTargetID = 04F22C652ED40C9400AE62EF;
					};
					04F22C7C2ED40C9600AE62EF = {
						CreatedOnToolsVersion = 26.1.1;
						TestTargetID = 04F22C652ED40C9400AE62EF;
					};
				};
			};
			buildConfigurationList = 04F22C612ED40C9400AE62EF /* Build configuration list for PBXProject "MovieFlix" */;
			developmentRegion = en;
			hasScannedForEncodings = 0;
			knownRegions = (
				en,
				Base,
			);
			mainGroup = 04F22C5D2ED40C9400AE62EF;
			minimizedProjectReferenceProxies = 1;
			packageReferences = (
				04981E902ED4607F00C9EC3D /* XCRemoteSwiftPackageReference "Kingfisher" */,
			);
			preferredProjectObjectVersion = 77;
			productRefGroup = 04F22C672ED40C9400AE62EF /* Products */;
			projectDirPath = "";
			projectRoot = "";
			targets = (
				04F22C652ED40C9400AE62EF /* MovieFlix */,
				04F22C722ED40C9600AE62EF /* MovieFlixTests */,
				04F22C7C2ED40C9600AE62EF /* MovieFlixUITests */,
			);
		};
/* End PBXProject section */

/* Begin PBXResourcesBuildPhase section */
		04F22C642ED40C9400AE62EF /* Resources */ = {
			isa = PBXResourcesBuildPhase;
			buildActionMask = 2147483647;
			files = (
				04981DF92ED4479600C9EC3D /* Assets.xcassets in Resources */,
			);
			runOnlyForDeploymentPostprocessing = 0;
		};
		04F22C712ED40C9600AE62EF /* Resources */ = {
			isa = PBXResourcesBuildPhase;
			buildActionMask = 2147483647;
			files = (
			);
			runOnlyForDeploymentPostprocessing = 0;
		};
		04F22C7B2ED40C9600AE62EF /* Resources */ = {
			isa = PBXResourcesBuildPhase;
			buildActionMask = 2147483647;
			files = (
			);
			runOnlyForDeploymentPostprocessing = 0;
		};
/* End PBXResourcesBuildPhase section */

/* Begin PBXSourcesBuildPhase section */
		04F22C622ED40C9400AE62EF /* Sources */ = {
			isa = PBXSourcesBuildPhase;
			buildActionMask = 2147483647;
			files = (
				04981E832ED4507600C9EC3D /* MovieModel.swift in Sources */,
				04981E8F2ED4553400C9EC3D /* LoadingIndicatorView.swift in Sources */,
				04981E012ED44ABA00C9EC3D /* NetworkManager.swift in Sources */,
				04981E812ED44CBD00C9EC3D /* SearchViewModel.swift in Sources */,
				04981E942ED4726500C9EC3D /* EmptySearchView.swift in Sources */,
				04981DF72ED4479600C9EC3D /* ContentView.swift in Sources */,
				04981E892ED450D400C9EC3D /* ApiConstants.swift in Sources */,
				04981E8C2ED4513700C9EC3D /* MovieRouter.swift in Sources */,
				04981E872ED450B500C9EC3D /* AppConstants.swift in Sources */,
				04981DF82ED4479600C9EC3D /* MovieFlixApp.swift in Sources */,
				04981DFE2ED447C900C9EC3D /* SearchView.swift in Sources */,
			);
			runOnlyForDeploymentPostprocessing = 0;
		};
		04F22C6F2ED40C9600AE62EF /* Sources */ = {
			isa = PBXSourcesBuildPhase;
			buildActionMask = 2147483647;
			files = (
			);
			runOnlyForDeploymentPostprocessing = 0;
		};
		04F22C792ED40C9600AE62EF /* Sources */ = {
			isa = PBXSourcesBuildPhase;
			buildActionMask = 2147483647;
			files = (
			);
			runOnlyForDeploymentPostprocessing = 0;
		};
/* End PBXSourcesBuildPhase section */

/* Begin PBXTargetDependency section */
		04F22C752ED40C9600AE62EF /* PBXTargetDependency */ = {
			isa = PBXTargetDependency;
			target = 04F22C652ED40C9400AE62EF /* MovieFlix */;
			targetProxy = 04F22C742ED40C9600AE62EF /* PBXContainerItemProxy */;
		};
		04F22C7F2ED40C9600AE62EF /* PBXTargetDependency */ = {
			isa = PBXTargetDependency;
			target = 04F22C652ED40C9400AE62EF /* MovieFlix */;
			targetProxy = 04F22C7E2ED40C9600AE62EF /* PBXContainerItemProxy */;
		};
/* End PBXTargetDependency section */

/* Begin XCBuildConfiguration section */
		04F22C852ED40C9600AE62EF /* Debug */ = {
			isa = XCBuildConfiguration;
			buildSettings = {
				ALWAYS_SEARCH_USER_PATHS = NO;
				ASSETCATALOG_COMPILER_GENERATE_SWIFT_ASSET_SYMBOL_EXTENSIONS = YES;
				CLANG_ANALYZER_NONNULL = YES;
				CLANG_ANALYZER_NUMBER_OBJECT_CONVERSION = YES_AGGRESSIVE;
				CLANG_CXX_LANGUAGE_STANDARD = "gnu++20";
				CLANG_ENABLE_MODULES = YES;
				CLANG_ENABLE_OBJC_ARC = YES;
				CLANG_ENABLE_OBJC_WEAK = YES;
				CLANG_WARN_BLOCK_CAPTURE_AUTORELEASING = YES;
				CLANG_WARN_BOOL_CONVERSION = YES;
				CLANG_WARN_COMMA = YES;
				CLANG_WARN_CONSTANT_CONVERSION = YES;
				CLANG_WARN_DEPRECATED_OBJC_IMPLEMENTATIONS = YES;
				CLANG_WARN_DIRECT_OBJC_ISA_USAGE = YES_ERROR;
				CLANG_WARN_DOCUMENTATION_COMMENTS = YES;
				CLANG_WARN_EMPTY_BODY = YES;
				CLANG_WARN_ENUM_CONVERSION = YES;
				CLANG_WARN_INFINITE_RECURSION = YES;
				CLANG_WARN_INT_CONVERSION = YES;
				CLANG_WARN_NON_LITERAL_NULL_CONVERSION = YES;
				CLANG_WARN_OBJC_IMPLICIT_RETAIN_SELF = YES;
				CLANG_WARN_OBJC_LITERAL_CONVERSION = YES;
				CLANG_WARN_OBJC_ROOT_CLASS = YES_ERROR;
				CLANG_WARN_QUOTED_INCLUDE_IN_FRAMEWORK_HEADER = YES;
				CLANG_WARN_RANGE_LOOP_ANALYSIS = YES;
				CLANG_WARN_STRICT_PROTOTYPES = YES;
				CLANG_WARN_SUSPICIOUS_MOVE = YES;
				CLANG_WARN_UNGUARDED_AVAILABILITY = YES_AGGRESSIVE;
				CLANG_WARN_UNREACHABLE_CODE = YES;
				CLANG_WARN__DUPLICATE_METHOD_MATCH = YES;
				COPY_PHASE_STRIP = NO;
				DEBUG_INFORMATION_FORMAT = dwarf;
				DEVELOPMENT_TEAM = 2LVA8QJKSB;
				ENABLE_STRICT_OBJC_MSGSEND = YES;
				ENABLE_TESTABILITY = YES;
				ENABLE_USER_SCRIPT_SANDBOXING = YES;
				GCC_C_LANGUAGE_STANDARD = gnu17;
				GCC_DYNAMIC_NO_PIC = NO;
				GCC_NO_COMMON_BLOCKS = YES;
				GCC_OPTIMIZATION_LEVEL = 0;
				GCC_PREPROCESSOR_DEFINITIONS = (
					"DEBUG=1",
					"$(inherited)",
				);
				GCC_WARN_64_TO_32_BIT_CONVERSION = YES;
				GCC_WARN_ABOUT_RETURN_TYPE = YES_ERROR;
				GCC_WARN_UNDECLARED_SELECTOR = YES;
				GCC_WARN_UNINITIALIZED_AUTOS = YES_AGGRESSIVE;
				GCC_WARN_UNUSED_FUNCTION = YES;
				GCC_WARN_UNUSED_VARIABLE = YES;
				IPHONEOS_DEPLOYMENT_TARGET = 26.1;
				LOCALIZATION_PREFERS_STRING_CATALOGS = YES;
				MTL_ENABLE_DEBUG_INFO = INCLUDE_SOURCE;
				MTL_FAST_MATH = YES;
				ONLY_ACTIVE_ARCH = YES;
				SDKROOT = iphoneos;
				SWIFT_ACTIVE_COMPILATION_CONDITIONS = "DEBUG $(inherited)";
				SWIFT_OPTIMIZATION_LEVEL = "-Onone";
			};
			name = Debug;
		};
		04F22C862ED40C9600AE62EF /* Release */ = {
			isa = XCBuildConfiguration;
			buildSettings = {
				ALWAYS_SEARCH_USER_PATHS = NO;
				ASSETCATALOG_COMPILER_GENERATE_SWIFT_ASSET_SYMBOL_EXTENSIONS = YES;
				CLANG_ANALYZER_NONNULL = YES;
				CLANG_ANALYZER_NUMBER_OBJECT_CONVERSION = YES_AGGRESSIVE;
				CLANG_CXX_LANGUAGE_STANDARD = "gnu++20";
				CLANG_ENABLE_MODULES = YES;
				CLANG_ENABLE_OBJC_ARC = YES;
				CLANG_ENABLE_OBJC_WEAK = YES;
				CLANG_WARN_BLOCK_CAPTURE_AUTORELEASING = YES;
				CLANG_WARN_BOOL_CONVERSION = YES;
				CLANG_WARN_COMMA = YES;
				CLANG_WARN_CONSTANT_CONVERSION = YES;
				CLANG_WARN_DEPRECATED_OBJC_IMPLEMENTATIONS = YES;
				CLANG_WARN_DIRECT_OBJC_ISA_USAGE = YES_ERROR;
				CLANG_WARN_DOCUMENTATION_COMMENTS = YES;
				CLANG_WARN_EMPTY_BODY = YES;
				CLANG_WARN_ENUM_CONVERSION = YES;
				CLANG_WARN_INFINITE_RECURSION = YES;
				CLANG_WARN_INT_CONVERSION = YES;
				CLANG_WARN_NON_LITERAL_NULL_CONVERSION = YES;
				CLANG_WARN_OBJC_IMPLICIT_RETAIN_SELF = YES;
				CLANG_WARN_OBJC_LITERAL_CONVERSION = YES;
				CLANG_WARN_OBJC_ROOT_CLASS = YES_ERROR;
				CLANG_WARN_QUOTED_INCLUDE_IN_FRAMEWORK_HEADER = YES;
				CLANG_WARN_RANGE_LOOP_ANALYSIS = YES;
				CLANG_WARN_STRICT_PROTOTYPES = YES;
				CLANG_WARN_SUSPICIOUS_MOVE = YES;
				CLANG_WARN_UNGUARDED_AVAILABILITY = YES_AGGRESSIVE;
				CLANG_WARN_UNREACHABLE_CODE = YES;
				CLANG_WARN__DUPLICATE_METHOD_MATCH = YES;
				COPY_PHASE_STRIP = NO;
				DEBUG_INFORMATION_FORMAT = "dwarf-with-dsym";
				DEVELOPMENT_TEAM = 2LVA8QJKSB;
				ENABLE_NS_ASSERTIONS = NO;
				ENABLE_STRICT_OBJC_MSGSEND = YES;
				ENABLE_USER_SCRIPT_SANDBOXING = YES;
				GCC_C_LANGUAGE_STANDARD = gnu17;
				GCC_NO_COMMON_BLOCKS = YES;
				GCC_WARN_64_TO_32_BIT_CONVERSION = YES;
				GCC_WARN_ABOUT_RETURN_TYPE = YES_ERROR;
				GCC_WARN_UNDECLARED_SELECTOR = YES;
				GCC_WARN_UNINITIALIZED_AUTOS = YES_AGGRESSIVE;
				GCC_WARN_UNUSED_FUNCTION = YES;
				GCC_WARN_UNUSED_VARIABLE = YES;
				IPHONEOS_DEPLOYMENT_TARGET = 26.1;
				LOCALIZATION_PREFERS_STRING_CATALOGS = YES;
				MTL_ENABLE_DEBUG_INFO = NO;
				MTL_FAST_MATH = YES;
				SDKROOT = iphoneos;
				SWIFT_COMPILATION_MODE = wholemodule;
				VALIDATE_PRODUCT = YES;
			};
			name = Release;
		};
		04F22C882ED40C9600AE62EF /* Debug */ = {
			isa = XCBuildConfiguration;
			buildSettings = {
				ASSETCATALOG_COMPILER_APPICON_NAME = AppIcon;
				ASSETCATALOG_COMPILER_GLOBAL_ACCENT_COLOR_NAME = AccentColor;
				CODE_SIGN_STYLE = Automatic;
				CURRENT_PROJECT_VERSION = 1;
				DEVELOPMENT_TEAM = 2LVA8QJKSB;
				ENABLE_PREVIEWS = YES;
				GENERATE_INFOPLIST_FILE = YES;
				INFOPLIST_KEY_UIApplicationSceneManifest_Generation = YES;
				INFOPLIST_KEY_UIApplicationSupportsIndirectInputEvents = YES;
				INFOPLIST_KEY_UILaunchScreen_Generation = YES;
				INFOPLIST_KEY_UISupportedInterfaceOrientations_iPad = "UIInterfaceOrientationPortrait UIInterfaceOrientationPortraitUpsideDown UIInterfaceOrientationLandscapeLeft UIInterfaceOrientationLandscapeRight";
				INFOPLIST_KEY_UISupportedInterfaceOrientations_iPhone = "UIInterfaceOrientationPortrait UIInterfaceOrientationLandscapeLeft UIInterfaceOrientationLandscapeRight";
				LD_RUNPATH_SEARCH_PATHS = (
					"$(inherited)",
					"@executable_path/Frameworks",
				);
				MARKETING_VERSION = 1.0;
				PRODUCT_BUNDLE_IDENTIFIER = sujalshrestha.MovieFlix;
				PRODUCT_NAME = "$(TARGET_NAME)";
				STRING_CATALOG_GENERATE_SYMBOLS = YES;
				SWIFT_APPROACHABLE_CONCURRENCY = YES;
				SWIFT_DEFAULT_ACTOR_ISOLATION = MainActor;
				SWIFT_EMIT_LOC_STRINGS = YES;
				SWIFT_UPCOMING_FEATURE_MEMBER_IMPORT_VISIBILITY = YES;
				SWIFT_VERSION = 5.0;
				TARGETED_DEVICE_FAMILY = "1,2";
			};
			name = Debug;
		};
		04F22C892ED40C9600AE62EF /* Release */ = {
			isa = XCBuildConfiguration;
			buildSettings = {
				ASSETCATALOG_COMPILER_APPICON_NAME = AppIcon;
				ASSETCATALOG_COMPILER_GLOBAL_ACCENT_COLOR_NAME = AccentColor;
				CODE_SIGN_STYLE = Automatic;
				CURRENT_PROJECT_VERSION = 1;
				DEVELOPMENT_TEAM = 2LVA8QJKSB;
				ENABLE_PREVIEWS = YES;
				GENERATE_INFOPLIST_FILE = YES;
				INFOPLIST_KEY_UIApplicationSceneManifest_Generation = YES;
				INFOPLIST_KEY_UIApplicationSupportsIndirectInputEvents = YES;
				INFOPLIST_KEY_UILaunchScreen_Generation = YES;
				INFOPLIST_KEY_UISupportedInterfaceOrientations_iPad = "UIInterfaceOrientationPortrait UIInterfaceOrientationPortraitUpsideDown UIInterfaceOrientationLandscapeLeft UIInterfaceOrientationLandscapeRight";
				INFOPLIST_KEY_UISupportedInterfaceOrientations_iPhone = "UIInterfaceOrientationPortrait UIInterfaceOrientationLandscapeLeft UIInterfaceOrientationLandscapeRight";
				LD_RUNPATH_SEARCH_PATHS = (
					"$(inherited)",
					"@executable_path/Frameworks",
				);
				MARKETING_VERSION = 1.0;
				PRODUCT_BUNDLE_IDENTIFIER = sujalshrestha.MovieFlix;
				PRODUCT_NAME = "$(TARGET_NAME)";
				STRING_CATALOG_GENERATE_SYMBOLS = YES;
				SWIFT_APPROACHABLE_CONCURRENCY = YES;
				SWIFT_DEFAULT_ACTOR_ISOLATION = MainActor;
				SWIFT_EMIT_LOC_STRINGS = YES;
				SWIFT_UPCOMING_FEATURE_MEMBER_IMPORT_VISIBILITY = YES;
				SWIFT_VERSION = 5.0;
				TARGETED_DEVICE_FAMILY = "1,2";
			};
			name = Release;
		};
		04F22C8B2ED40C9600AE62EF /* Debug */ = {
			isa = XCBuildConfiguration;
			buildSettings = {
				BUNDLE_LOADER = "$(TEST_HOST)";
				CODE_SIGN_STYLE = Automatic;
				CURRENT_PROJECT_VERSION = 1;
				DEVELOPMENT_TEAM = 2LVA8QJKSB;
				GENERATE_INFOPLIST_FILE = YES;
				IPHONEOS_DEPLOYMENT_TARGET = 26.1;
				MARKETING_VERSION = 1.0;
				PRODUCT_BUNDLE_IDENTIFIER = sujalshrestha.MovieFlixTests;
				PRODUCT_NAME = "$(TARGET_NAME)";
				STRING_CATALOG_GENERATE_SYMBOLS = NO;
				SWIFT_APPROACHABLE_CONCURRENCY = YES;
				SWIFT_EMIT_LOC_STRINGS = NO;
				SWIFT_UPCOMING_FEATURE_MEMBER_IMPORT_VISIBILITY = YES;
				SWIFT_VERSION = 5.0;
				TARGETED_DEVICE_FAMILY = "1,2";
				TEST_HOST = "$(BUILT_PRODUCTS_DIR)/MovieFlix.app/$(BUNDLE_EXECUTABLE_FOLDER_PATH)/MovieFlix";
			};
			name = Debug;
		};
		04F22C8C2ED40C9600AE62EF /* Release */ = {
			isa = XCBuildConfiguration;
			buildSettings = {
				BUNDLE_LOADER = "$(TEST_HOST)";
				CODE_SIGN_STYLE = Automatic;
				CURRENT_PROJECT_VERSION = 1;
				DEVELOPMENT_TEAM = 2LVA8QJKSB;
				GENERATE_INFOPLIST_FILE = YES;
				IPHONEOS_DEPLOYMENT_TARGET = 26.1;
				MARKETING_VERSION = 1.0;
				PRODUCT_BUNDLE_IDENTIFIER = sujalshrestha.MovieFlixTests;
				PRODUCT_NAME = "$(TARGET_NAME)";
				STRING_CATALOG_GENERATE_SYMBOLS = NO;
				SWIFT_APPROACHABLE_CONCURRENCY = YES;
				SWIFT_EMIT_LOC_STRINGS = NO;
				SWIFT_UPCOMING_FEATURE_MEMBER_IMPORT_VISIBILITY = YES;
				SWIFT_VERSION = 5.0;
				TARGETED_DEVICE_FAMILY = "1,2";
				TEST_HOST = "$(BUILT_PRODUCTS_DIR)/MovieFlix.app/$(BUNDLE_EXECUTABLE_FOLDER_PATH)/MovieFlix";
			};
			name = Release;
		};
		04F22C8E2ED40C9600AE62EF /* Debug */ = {
			isa = XCBuildConfiguration;
			buildSettings = {
				CODE_SIGN_STYLE = Automatic;
				CURRENT_PROJECT_VERSION = 1;
				DEVELOPMENT_TEAM = 2LVA8QJKSB;
				GENERATE_INFOPLIST_FILE = YES;
				MARKETING_VERSION = 1.0;
				PRODUCT_BUNDLE_IDENTIFIER = sujalshrestha.MovieFlixUITests;
				PRODUCT_NAME = "$(TARGET_NAME)";
				STRING_CATALOG_GENERATE_SYMBOLS = NO;
				SWIFT_APPROACHABLE_CONCURRENCY = YES;
				SWIFT_EMIT_LOC_STRINGS = NO;
				SWIFT_UPCOMING_FEATURE_MEMBER_IMPORT_VISIBILITY = YES;
				SWIFT_VERSION = 5.0;
				TARGETED_DEVICE_FAMILY = "1,2";
				TEST_TARGET_NAME = MovieFlix;
			};
			name = Debug;
		};
		04F22C8F2ED40C9600AE62EF /* Release */ = {
			isa = XCBuildConfiguration;
			buildSettings = {
				CODE_SIGN_STYLE = Automatic;
				CURRENT_PROJECT_VERSION = 1;
				DEVELOPMENT_TEAM = 2LVA8QJKSB;
				GENERATE_INFOPLIST_FILE = YES;
				MARKETING_VERSION = 1.0;
				PRODUCT_BUNDLE_IDENTIFIER = sujalshrestha.MovieFlixUITests;
				PRODUCT_NAME = "$(TARGET_NAME)";
				STRING_CATALOG_GENERATE_SYMBOLS = NO;
				SWIFT_APPROACHABLE_CONCURRENCY = YES;
				SWIFT_EMIT_LOC_STRINGS = NO;
				SWIFT_UPCOMING_FEATURE_MEMBER_IMPORT_VISIBILITY = YES;
				SWIFT_VERSION = 5.0;
				TARGETED_DEVICE_FAMILY = "1,2";
				TEST_TARGET_NAME = MovieFlix;
			};
			name = Release;
		};
/* End XCBuildConfiguration section */

/* Begin XCConfigurationList section */
		04F22C612ED40C9400AE62EF /* Build configuration list for PBXProject "MovieFlix" */ = {
			isa = XCConfigurationList;
			buildConfigurations = (
				04F22C852ED40C9600AE62EF /* Debug */,
				04F22C862ED40C9600AE62EF /* Release */,
			);
			defaultConfigurationIsVisible = 0;
			defaultConfigurationName = Release;
		};
		04F22C872ED40C9600AE62EF /* Build configuration list for PBXNativeTarget "MovieFlix" */ = {
			isa = XCConfigurationList;
			buildConfigurations = (
				04F22C882ED40C9600AE62EF /* Debug */,
				04F22C892ED40C9600AE62EF /* Release */,
			);
			defaultConfigurationIsVisible = 0;
			defaultConfigurationName = Release;
		};
		04F22C8A2ED40C9600AE62EF /* Build configuration list for PBXNativeTarget "MovieFlixTests" */ = {
			isa = XCConfigurationList;
			buildConfigurations = (
				04F22C8B2ED40C9600AE62EF /* Debug */,
				04F22C8C2ED40C9600AE62EF /* Release */,
			);
			defaultConfigurationIsVisible = 0;
			defaultConfigurationName = Release;
		};
		04F22C8D2ED40C9600AE62EF /* Build configuration list for PBXNativeTarget "MovieFlixUITests" */ = {
			isa = XCConfigurationList;
			buildConfigurations = (
				04F22C8E2ED40C9600AE62EF /* Debug */,
				04F22C8F2ED40C9600AE62EF /* Release */,
			);
			defaultConfigurationIsVisible = 0;
			defaultConfigurationName = Release;
		};
/* End XCConfigurationList section */

/* Begin XCRemoteSwiftPackageReference section */
		04981E902ED4607F00C9EC3D /* XCRemoteSwiftPackageReference "Kingfisher" */ = {
			isa = XCRemoteSwiftPackageReference;
			repositoryURL = "https://github.com/onevcat/Kingfisher.git";
			requirement = {
				kind = upToNextMajorVersion;
				minimumVersion = 8.5.0;
			};
		};
/* End XCRemoteSwiftPackageReference section */

/* Begin XCSwiftPackageProductDependency section */
		04981E912ED4607F00C9EC3D /* Kingfisher */ = {
			isa = XCSwiftPackageProductDependency;
			package = 04981E902ED4607F00C9EC3D /* XCRemoteSwiftPackageReference "Kingfisher" */;
			productName = Kingfisher;
		};
/* End XCSwiftPackageProductDependency section */
	};
	rootObject = 04F22C5E2ED40C9400AE62EF /* Project object */;
}
